
Microsoft Visual Studio Solution File, Format Version 12.00
# Visual Studio Version 16
VisualStudioVersion = 16.0.29503.13
MinimumVisualStudioVersion = 10.0.40219.1
Project("{FAE04EC0-301F-11D3-BF4B-00C04F79EFBC}") = "BasicPart11-Exception", "BasicPart11-Exception.csproj", "{37EAA364-BC44-4B89-AEAF-29FDF4791CF0}"
EndProject
Global
	GlobalSection(SolutionConfigurationPlatforms) = preSolution
		Debug|Any CPU = Debug|Any CPU
		Release|Any CPU = Release|Any CPU
	EndGlobalSection
	GlobalSection(ProjectConfigurationPlatforms) = postSolution
		{37EAA364-BC44-4B89-AEAF-29FDF4791CF0}.Debug|Any CPU.ActiveCfg = Debug|Any CPU
		{37EAA364-BC44-4B89-AEAF-29FDF4791CF0}.Debug|Any CPU.Build.0 = Debug|Any CPU
		{37EAA364-BC44-4B89-AEAF-29FDF4791CF0}.Release|Any CPU.ActiveCfg = Release|Any CPU
		{37EAA364-BC44-4B89-AEAF-29FDF4791CF0}.Release|Any CPU.Build.0 = Release|Any CPU
	EndGlobalSection
	GlobalSection(SolutionProperties) = preSolution
		HideSolutionNode = FALSE
	EndGlobalSection
	GlobalSection(ExtensibilityGlobals) = postSolution
		SolutionGuid = {E1F4F53D-F92D-44A2-ABD8-8318BE5F3DBD}
	EndGlobalSection
EndGlobal
